
Microsoft Visual Studio Solution File, Format Version 12.00
# Visual Studio Version 16
VisualStudioVersion = 16.0.32428.217
MinimumVisualStudioVersion = 10.0.40219.1
Project("{8BC9CEB8-8B4A-11D0-8D11-00A0C91BC942}") = "classsboard", "classsboard\classsboard.vcxproj", "{6762BD8E-A88B-4171-9031-5216B5E6D6AC}"
EndProject
Global
	GlobalSection(SolutionConfigurationPlatforms) = preSolution
		Debug|x64 = Debug|x64
		Debug|x86 = Debug|x86
		Release|x64 = Release|x64
		Release|x86 = Release|x86
	EndGlobalSection
	GlobalSection(ProjectConfigurationPlatforms) = postSolution
		{6762BD8E-A88B-4171-9031-5216B5E6D6AC}.Debug|x64.ActiveCfg = Debug|x64
		{6762BD8E-A88B-4171-9031-5216B5E6D6AC}.Debug|x64.Build.0 = Debug|x64
		{6762BD8E-A88B-4171-9031-5216B5E6D6AC}.Debug|x86.ActiveCfg = Debug|Win32
		{6762BD8E-A88B-4171-9031-5216B5E6D6AC}.Debug|x86.Build.0 = Debug|Win32
		{6762BD8E-A88B-4171-9031-5216B5E6D6AC}.Release|x64.ActiveCfg = Release|x64
		{6762BD8E-A88B-4171-9031-5216B5E6D6AC}.Release|x64.Build.0 = Release|x64
		{6762BD8E-A88B-4171-9031-5216B5E6D6AC}.Release|x86.ActiveCfg = Release|Win32
		{6762BD8E-A88B-4171-9031-5216B5E6D6AC}.Release|x86.Build.0 = Release|Win32
	EndGlobalSection
	GlobalSection(SolutionProperties) = preSolution
		HideSolutionNode = FALSE
	EndGlobalSection
	GlobalSection(ExtensibilityGlobals) = postSolution
		SolutionGuid = {6DCDE9BA-9A99-4BA3-B744-9344EADBE782}
	EndGlobalSection
EndGlobal
